
Microsoft Visual Studio Solution File, Format Version 12.00
# Visual Studio Version 17
VisualStudioVersion = 17.2.32630.192
MinimumVisualStudioVersion = 10.0.40219.1
Project("{2150E333-8FDC-42A3-9474-1A3956D46DE8}") = "Exams", "Exams", "{CAB0D965-0DE4-415A-A6FD-9F24BCE208EA}"
EndProject
Project("{2150E333-8FDC-42A3-9474-1A3956D46DE8}") = "Retake Exam – 18 August 2022", "Retake Exam – 18 August 2022", "{396A8755-E9B5-4A16-836C-949027B9FDC7}"
EndProject
Project("{9A19103F-16F7-4668-BE54-9A1E7A4F7556}") = "Help-A-Mole", "Retake Exam – 18 August 2022\Help-A-Mole\Help-A-Mole.csproj", "{52FF1B54-DCC9-4A4C-9DA5-7BFB95A27938}"
EndProject
Project("{9A19103F-16F7-4668-BE54-9A1E7A4F7556}") = "Basketball", "Retake Exam – 18 August 2022\Basketball\Basketball.csproj", "{6027B330-6AD3-4E9E-955F-2AE37AE9CC53}"
EndProject
Project("{9A19103F-16F7-4668-BE54-9A1E7A4F7556}") = "Barista Contest", "Retake Exam – 18 August 2022\Barista Contest\Barista Contest.csproj", "{8C028073-FC61-4D45-B239-5CF55B592D29}"
EndProject
Project("{2150E333-8FDC-42A3-9474-1A3956D46DE8}") = "Exam - 22 October 2022", "Exam - 22 October 2022", "{86739BC9-91D4-4F0C-9013-11D3B94FED6A}"
EndProject
Project("{9A19103F-16F7-4668-BE54-9A1E7A4F7556}") = "Rally Racing", "Exam - 22 October 2022\Rally Racing\Rally Racing.csproj", "{2AB6FDEF-BC47-46CE-A86C-7863A0AE908A}"
EndProject
Project("{9A19103F-16F7-4668-BE54-9A1E7A4F7556}") = "Energy Drinks", "Exam - 22 October 2022\Energy Drinks\Energy Drinks.csproj", "{313BB2E4-2F17-47DC-B63E-48B3B75C0E0C}"
EndProject
Project("{9A19103F-16F7-4668-BE54-9A1E7A4F7556}") = "ComputerArchitecture", "Exam - 22 October 2022\ComputerArchitecture\ComputerArchitecture.csproj", "{45992770-30DF-475D-BC11-AA15A22D451B}"
EndProject
Project("{2150E333-8FDC-42A3-9474-1A3956D46DE8}") = "Advanced Retake Exam - 18 August 2021", "Advanced Retake Exam - 18 August 2021", "{58B0E9F4-9E10-4E17-9CE9-734C7EB7167F}"
EndProject
Project("{9A19103F-16F7-4668-BE54-9A1E7A4F7556}") = "Birthday Celebration", "Advanced Retake Exam - 18 August 2021\Birthday Celebration\Birthday Celebration.csproj", "{07C1DA3E-4CA1-43D4-84A3-4F030B0968D3}"
EndProject
Project("{2150E333-8FDC-42A3-9474-1A3956D46DE8}") = "Advanced Retake Exam - 16-Dec-2021", "Advanced Retake Exam - 16-Dec-2021", "{D734A89C-8A31-4537-B9CD-894ECC7FAD69}"
EndProject
Project("{9A19103F-16F7-4668-BE54-9A1E7A4F7556}") = "Drones", "Advanced Retake Exam - 16-Dec-2021\Drones\Drones.csproj", "{0E66BB1C-6B56-4CB2-94B5-02E5CD283E7F}"
EndProject
Project("{9A19103F-16F7-4668-BE54-9A1E7A4F7556}") = "Blacksmith", "Advanced Retake Exam - 16-Dec-2021\Blacksmith\Blacksmith.csproj", "{515EDFCB-A4E0-4ACD-8FDC-3690A0091F8A}"
EndProject
Project("{9A19103F-16F7-4668-BE54-9A1E7A4F7556}") = "Armory", "Advanced Retake Exam - 16-Dec-2021\Armory\Armory.csproj", "{F2B37E92-5AB6-43B7-8C84-A34884FA8F27}"
EndProject
Project("{2150E333-8FDC-42A3-9474-1A3956D46DE8}") = "Advanced Retake Exam - 13 April 2022", "Advanced Retake Exam - 13 April 2022", "{EEB50F7C-25DA-4DEA-A19D-F0BCA41A7700}"
EndProject
Project("{9A19103F-16F7-4668-BE54-9A1E7A4F7556}") = "Zoo", "Advanced Retake Exam - 13 April 2022\Zoo\Zoo.csproj", "{16FC9B61-8780-412E-B058-6F59BDB1F0A0}"
EndProject
Project("{9A19103F-16F7-4668-BE54-9A1E7A4F7556}") = "Truffle Hunter", "Advanced Retake Exam - 13 April 2022\Truffle Hunter\Truffle Hunter.csproj", "{56826ED2-4A65-46ED-8857-8289DD3D55D7}"
EndProject
Project("{9A19103F-16F7-4668-BE54-9A1E7A4F7556}") = "Meal Plan", "Advanced Retake Exam - 13 April 2022\Meal Plan\Meal Plan.csproj", "{D9D658A8-988B-46DA-9AC8-1F16B547E5C7}"
EndProject
Project("{2150E333-8FDC-42A3-9474-1A3956D46DE8}") = "Advanced Exam - 25 June 2022", "Advanced Exam - 25 June 2022", "{5DF51DEF-8A46-49F6-B25B-88B0197AFDD7}"
EndProject
Project("{9A19103F-16F7-4668-BE54-9A1E7A4F7556}") = "Wall Destroyer", "Advanced Exam - 25 June 2022\Wall Destroyer\Wall Destroyer.csproj", "{EC70EF4C-B298-463E-89C5-E0EE18D5768B}"
EndProject
Project("{9A19103F-16F7-4668-BE54-9A1E7A4F7556}") = "Tiles Master", "Advanced Exam - 25 June 2022\Tiles Master\Tiles Master.csproj", "{A6BEB012-A6BE-4A23-9349-914B27DEF76C}"
EndProject
Project("{9A19103F-16F7-4668-BE54-9A1E7A4F7556}") = "Renovators", "Advanced Exam - 25 June 2022\Renovators\Renovators.csproj", "{C01783B6-2685-491F-BE12-6F2193F4CC9D}"
EndProject
Project("{2150E333-8FDC-42A3-9474-1A3956D46DE8}") = "Advanced Exam - 23 October 2021", "Advanced Exam - 23 October 2021", "{D00F490C-48E6-41B0-86B9-33539D9F6A6D}"
EndProject
Project("{9A19103F-16F7-4668-BE54-9A1E7A4F7556}") = "StockMarket", "Advanced Exam - 23 October 2021\StockMarket\StockMarket.csproj", "{CCC1CF9C-9A4E-4E56-84BC-624E0CB59DA3}"
EndProject
Project("{9A19103F-16F7-4668-BE54-9A1E7A4F7556}") = "Pawn Wars", "Advanced Exam - 23 October 2021\Pawn Wars\Pawn Wars.csproj", "{C640750A-5699-4080-8A1D-6C38428704BB}"
EndProject
Project("{9A19103F-16F7-4668-BE54-9A1E7A4F7556}") = "Food Finder", "Advanced Exam - 23 October 2021\Food Finder\Food Finder.csproj", "{E47B1218-8328-4A86-9C34-58D046A7DA1F}"
EndProject
Project("{2150E333-8FDC-42A3-9474-1A3956D46DE8}") = "Advanced Exam - 20 February 2022", "Advanced Exam - 20 February 2022", "{072EB558-9D0C-4525-A427-17AC050DC0D4}"
EndProject
Project("{9A19103F-16F7-4668-BE54-9A1E7A4F7556}") = "FishingNet", "Advanced Exam - 20 February 2022\FishingNet\FishingNet.csproj", "{42490B0F-529D-40E4-ADE8-E659FF9AA910}"
EndProject
Project("{9A19103F-16F7-4668-BE54-9A1E7A4F7556}") = "Beaver at Work", "Advanced Exam - 20 February 2022\Beaver at Work\Beaver at Work.csproj", "{EA9E7931-8980-4723-924A-13A6737DE103}"
EndProject
Project("{9A19103F-16F7-4668-BE54-9A1E7A4F7556}") = "Bakery Shop", "Advanced Exam - 20 February 2022\Bakery Shop\Bakery Shop.csproj", "{BA5F061B-54AA-4834-81B4-283426760477}"
EndProject
Global
	GlobalSection(SolutionConfigurationPlatforms) = preSolution
		Debug|Any CPU = Debug|Any CPU
		Release|Any CPU = Release|Any CPU
	EndGlobalSection
	GlobalSection(ProjectConfigurationPlatforms) = postSolution
		{52FF1B54-DCC9-4A4C-9DA5-7BFB95A27938}.Debug|Any CPU.ActiveCfg = Debug|Any CPU
		{52FF1B54-DCC9-4A4C-9DA5-7BFB95A27938}.Debug|Any CPU.Build.0 = Debug|Any CPU
		{52FF1B54-DCC9-4A4C-9DA5-7BFB95A27938}.Release|Any CPU.ActiveCfg = Release|Any CPU
		{52FF1B54-DCC9-4A4C-9DA5-7BFB95A27938}.Release|Any CPU.Build.0 = Release|Any CPU
		{6027B330-6AD3-4E9E-955F-2AE37AE9CC53}.Debug|Any CPU.ActiveCfg = Debug|Any CPU
		{6027B330-6AD3-4E9E-955F-2AE37AE9CC53}.Debug|Any CPU.Build.0 = Debug|Any CPU
		{6027B330-6AD3-4E9E-955F-2AE37AE9CC53}.Release|Any CPU.ActiveCfg = Release|Any CPU
		{6027B330-6AD3-4E9E-955F-2AE37AE9CC53}.Release|Any CPU.Build.0 = Release|Any CPU
		{8C028073-FC61-4D45-B239-5CF55B592D29}.Debug|Any CPU.ActiveCfg = Debug|Any CPU
		{8C028073-FC61-4D45-B239-5CF55B592D29}.Debug|Any CPU.Build.0 = Debug|Any CPU
		{8C028073-FC61-4D45-B239-5CF55B592D29}.Release|Any CPU.ActiveCfg = Release|Any CPU
		{8C028073-FC61-4D45-B239-5CF55B592D29}.Release|Any CPU.Build.0 = Release|Any CPU
		{2AB6FDEF-BC47-46CE-A86C-7863A0AE908A}.Debug|Any CPU.ActiveCfg = Debug|Any CPU
		{2AB6FDEF-BC47-46CE-A86C-7863A0AE908A}.Debug|Any CPU.Build.0 = Debug|Any CPU
		{2AB6FDEF-BC47-46CE-A86C-7863A0AE908A}.Release|Any CPU.ActiveCfg = Release|Any CPU
		{2AB6FDEF-BC47-46CE-A86C-7863A0AE908A}.Release|Any CPU.Build.0 = Release|Any CPU
		{313BB2E4-2F17-47DC-B63E-48B3B75C0E0C}.Debug|Any CPU.ActiveCfg = Debug|Any CPU
		{313BB2E4-2F17-47DC-B63E-48B3B75C0E0C}.Debug|Any CPU.Build.0 = Debug|Any CPU
		{313BB2E4-2F17-47DC-B63E-48B3B75C0E0C}.Release|Any CPU.ActiveCfg = Release|Any CPU
		{313BB2E4-2F17-47DC-B63E-48B3B75C0E0C}.Release|Any CPU.Build.0 = Release|Any CPU
		{45992770-30DF-475D-BC11-AA15A22D451B}.Debug|Any CPU.ActiveCfg = Debug|Any CPU
		{45992770-30DF-475D-BC11-AA15A22D451B}.Debug|Any CPU.Build.0 = Debug|Any CPU
		{45992770-30DF-475D-BC11-AA15A22D451B}.Release|Any CPU.ActiveCfg = Release|Any CPU
		{45992770-30DF-475D-BC11-AA15A22D451B}.Release|Any CPU.Build.0 = Release|Any CPU
		{07C1DA3E-4CA1-43D4-84A3-4F030B0968D3}.Debug|Any CPU.ActiveCfg = Debug|Any CPU
		{07C1DA3E-4CA1-43D4-84A3-4F030B0968D3}.Debug|Any CPU.Build.0 = Debug|Any CPU
		{07C1DA3E-4CA1-43D4-84A3-4F030B0968D3}.Release|Any CPU.ActiveCfg = Release|Any CPU
		{07C1DA3E-4CA1-43D4-84A3-4F030B0968D3}.Release|Any CPU.Build.0 = Release|Any CPU
		{0E66BB1C-6B56-4CB2-94B5-02E5CD283E7F}.Debug|Any CPU.ActiveCfg = Debug|Any CPU
		{0E66BB1C-6B56-4CB2-94B5-02E5CD283E7F}.Debug|Any CPU.Build.0 = Debug|Any CPU
		{0E66BB1C-6B56-4CB2-94B5-02E5CD283E7F}.Release|Any CPU.ActiveCfg = Release|Any CPU
		{0E66BB1C-6B56-4CB2-94B5-02E5CD283E7F}.Release|Any CPU.Build.0 = Release|Any CPU
		{515EDFCB-A4E0-4ACD-8FDC-3690A0091F8A}.Debug|Any CPU.ActiveCfg = Debug|Any CPU
		{515EDFCB-A4E0-4ACD-8FDC-3690A0091F8A}.Debug|Any CPU.Build.0 = Debug|Any CPU
		{515EDFCB-A4E0-4ACD-8FDC-3690A0091F8A}.Release|Any CPU.ActiveCfg = Release|Any CPU
		{515EDFCB-A4E0-4ACD-8FDC-3690A0091F8A}.Release|Any CPU.Build.0 = Release|Any CPU
		{F2B37E92-5AB6-43B7-8C84-A34884FA8F27}.Debug|Any CPU.ActiveCfg = Debug|Any CPU
		{F2B37E92-5AB6-43B7-8C84-A34884FA8F27}.Debug|Any CPU.Build.0 = Debug|Any CPU
		{F2B37E92-5AB6-43B7-8C84-A34884FA8F27}.Release|Any CPU.ActiveCfg = Release|Any CPU
		{F2B37E92-5AB6-43B7-8C84-A34884FA8F27}.Release|Any CPU.Build.0 = Release|Any CPU
		{16FC9B61-8780-412E-B058-6F59BDB1F0A0}.Debug|Any CPU.ActiveCfg = Debug|Any CPU
		{16FC9B61-8780-412E-B058-6F59BDB1F0A0}.Debug|Any CPU.Build.0 = Debug|Any CPU
		{16FC9B61-8780-412E-B058-6F59BDB1F0A0}.Release|Any CPU.ActiveCfg = Release|Any CPU
		{16FC9B61-8780-412E-B058-6F59BDB1F0A0}.Release|Any CPU.Build.0 = Release|Any CPU
		{56826ED2-4A65-46ED-8857-8289DD3D55D7}.Debug|Any CPU.ActiveCfg = Debug|Any CPU
		{56826ED2-4A65-46ED-8857-8289DD3D55D7}.Debug|Any CPU.Build.0 = Debug|Any CPU
		{56826ED2-4A65-46ED-8857-8289DD3D55D7}.Release|Any CPU.ActiveCfg = Release|Any CPU
		{56826ED2-4A65-46ED-8857-8289DD3D55D7}.Release|Any CPU.Build.0 = Release|Any CPU
		{D9D658A8-988B-46DA-9AC8-1F16B547E5C7}.Debug|Any CPU.ActiveCfg = Debug|Any CPU
		{D9D658A8-988B-46DA-9AC8-1F16B547E5C7}.Debug|Any CPU.Build.0 = Debug|Any CPU
		{D9D658A8-988B-46DA-9AC8-1F16B547E5C7}.Release|Any CPU.ActiveCfg = Release|Any CPU
		{D9D658A8-988B-46DA-9AC8-1F16B547E5C7}.Release|Any CPU.Build.0 = Release|Any CPU
		{EC70EF4C-B298-463E-89C5-E0EE18D5768B}.Debug|Any CPU.ActiveCfg = Debug|Any CPU
		{EC70EF4C-B298-463E-89C5-E0EE18D5768B}.Debug|Any CPU.Build.0 = Debug|Any CPU
		{EC70EF4C-B298-463E-89C5-E0EE18D5768B}.Release|Any CPU.ActiveCfg = Release|Any CPU
		{EC70EF4C-B298-463E-89C5-E0EE18D5768B}.Release|Any CPU.Build.0 = Release|Any CPU
		{A6BEB012-A6BE-4A23-9349-914B27DEF76C}.Debug|Any CPU.ActiveCfg = Debug|Any CPU
		{A6BEB012-A6BE-4A23-9349-914B27DEF76C}.Debug|Any CPU.Build.0 = Debug|Any CPU
		{A6BEB012-A6BE-4A23-9349-914B27DEF76C}.Release|Any CPU.ActiveCfg = Release|Any CPU
		{A6BEB012-A6BE-4A23-9349-914B27DEF76C}.Release|Any CPU.Build.0 = Release|Any CPU
		{C01783B6-2685-491F-BE12-6F2193F4CC9D}.Debug|Any CPU.ActiveCfg = Debug|Any CPU
		{C01783B6-2685-491F-BE12-6F2193F4CC9D}.Debug|Any CPU.Build.0 = Debug|Any CPU
		{C01783B6-2685-491F-BE12-6F2193F4CC9D}.Release|Any CPU.ActiveCfg = Release|Any CPU
		{C01783B6-2685-491F-BE12-6F2193F4CC9D}.Release|Any CPU.Build.0 = Release|Any CPU
		{CCC1CF9C-9A4E-4E56-84BC-624E0CB59DA3}.Debug|Any CPU.ActiveCfg = Debug|Any CPU
		{CCC1CF9C-9A4E-4E56-84BC-624E0CB59DA3}.Debug|Any CPU.Build.0 = Debug|Any CPU
		{CCC1CF9C-9A4E-4E56-84BC-624E0CB59DA3}.Release|Any CPU.ActiveCfg = Release|Any CPU
		{CCC1CF9C-9A4E-4E56-84BC-624E0CB59DA3}.Release|Any CPU.Build.0 = Release|Any CPU
		{C640750A-5699-4080-8A1D-6C38428704BB}.Debug|Any CPU.ActiveCfg = Debug|Any CPU
		{C640750A-5699-4080-8A1D-6C38428704BB}.Debug|Any CPU.Build.0 = Debug|Any CPU
		{C640750A-5699-4080-8A1D-6C38428704BB}.Release|Any CPU.ActiveCfg = Release|Any CPU
		{C640750A-5699-4080-8A1D-6C38428704BB}.Release|Any CPU.Build.0 = Release|Any CPU
		{E47B1218-8328-4A86-9C34-58D046A7DA1F}.Debug|Any CPU.ActiveCfg = Debug|Any CPU
		{E47B1218-8328-4A86-9C34-58D046A7DA1F}.Debug|Any CPU.Build.0 = Debug|Any CPU
		{E47B1218-8328-4A86-9C34-58D046A7DA1F}.Release|Any CPU.ActiveCfg = Release|Any CPU
		{E47B1218-8328-4A86-9C34-58D046A7DA1F}.Release|Any CPU.Build.0 = Release|Any CPU
		{42490B0F-529D-40E4-ADE8-E659FF9AA910}.Debug|Any CPU.ActiveCfg = Debug|Any CPU
		{42490B0F-529D-40E4-ADE8-E659FF9AA910}.Debug|Any CPU.Build.0 = Debug|Any CPU
		{42490B0F-529D-40E4-ADE8-E659FF9AA910}.Release|Any CPU.ActiveCfg = Release|Any CPU
		{42490B0F-529D-40E4-ADE8-E659FF9AA910}.Release|Any CPU.Build.0 = Release|Any CPU
		{EA9E7931-8980-4723-924A-13A6737DE103}.Debug|Any CPU.ActiveCfg = Debug|Any CPU
		{EA9E7931-8980-4723-924A-13A6737DE103}.Debug|Any CPU.Build.0 = Debug|Any CPU
		{EA9E7931-8980-4723-924A-13A6737DE103}.Release|Any CPU.ActiveCfg = Release|Any CPU
		{EA9E7931-8980-4723-924A-13A6737DE103}.Release|Any CPU.Build.0 = Release|Any CPU
		{BA5F061B-54AA-4834-81B4-283426760477}.Debug|Any CPU.ActiveCfg = Debug|Any CPU
		{BA5F061B-54AA-4834-81B4-283426760477}.Debug|Any CPU.Build.0 = Debug|Any CPU
		{BA5F061B-54AA-4834-81B4-283426760477}.Release|Any CPU.ActiveCfg = Release|Any CPU
		{BA5F061B-54AA-4834-81B4-283426760477}.Release|Any CPU.Build.0 = Release|Any CPU
	EndGlobalSection
	GlobalSection(SolutionProperties) = preSolution
		HideSolutionNode = FALSE
	EndGlobalSection
	GlobalSection(NestedProjects) = preSolution
		{396A8755-E9B5-4A16-836C-949027B9FDC7} = {CAB0D965-0DE4-415A-A6FD-9F24BCE208EA}
		{52FF1B54-DCC9-4A4C-9DA5-7BFB95A27938} = {396A8755-E9B5-4A16-836C-949027B9FDC7}
		{6027B330-6AD3-4E9E-955F-2AE37AE9CC53} = {396A8755-E9B5-4A16-836C-949027B9FDC7}
		{8C028073-FC61-4D45-B239-5CF55B592D29} = {396A8755-E9B5-4A16-836C-949027B9FDC7}
		{86739BC9-91D4-4F0C-9013-11D3B94FED6A} = {CAB0D965-0DE4-415A-A6FD-9F24BCE208EA}
		{2AB6FDEF-BC47-46CE-A86C-7863A0AE908A} = {86739BC9-91D4-4F0C-9013-11D3B94FED6A}
		{313BB2E4-2F17-47DC-B63E-48B3B75C0E0C} = {86739BC9-91D4-4F0C-9013-11D3B94FED6A}
		{45992770-30DF-475D-BC11-AA15A22D451B} = {86739BC9-91D4-4F0C-9013-11D3B94FED6A}
		{58B0E9F4-9E10-4E17-9CE9-734C7EB7167F} = {CAB0D965-0DE4-415A-A6FD-9F24BCE208EA}
		{07C1DA3E-4CA1-43D4-84A3-4F030B0968D3} = {58B0E9F4-9E10-4E17-9CE9-734C7EB7167F}
		{D734A89C-8A31-4537-B9CD-894ECC7FAD69} = {CAB0D965-0DE4-415A-A6FD-9F24BCE208EA}
		{0E66BB1C-6B56-4CB2-94B5-02E5CD283E7F} = {D734A89C-8A31-4537-B9CD-894ECC7FAD69}
		{515EDFCB-A4E0-4ACD-8FDC-3690A0091F8A} = {D734A89C-8A31-4537-B9CD-894ECC7FAD69}
		{F2B37E92-5AB6-43B7-8C84-A34884FA8F27} = {D734A89C-8A31-4537-B9CD-894ECC7FAD69}
		{EEB50F7C-25DA-4DEA-A19D-F0BCA41A7700} = {CAB0D965-0DE4-415A-A6FD-9F24BCE208EA}
		{16FC9B61-8780-412E-B058-6F59BDB1F0A0} = {EEB50F7C-25DA-4DEA-A19D-F0BCA41A7700}
		{56826ED2-4A65-46ED-8857-8289DD3D55D7} = {EEB50F7C-25DA-4DEA-A19D-F0BCA41A7700}
		{D9D658A8-988B-46DA-9AC8-1F16B547E5C7} = {EEB50F7C-25DA-4DEA-A19D-F0BCA41A7700}
		{5DF51DEF-8A46-49F6-B25B-88B0197AFDD7} = {CAB0D965-0DE4-415A-A6FD-9F24BCE208EA}
		{EC70EF4C-B298-463E-89C5-E0EE18D5768B} = {5DF51DEF-8A46-49F6-B25B-88B0197AFDD7}
		{A6BEB012-A6BE-4A23-9349-914B27DEF76C} = {5DF51DEF-8A46-49F6-B25B-88B0197AFDD7}
		{C01783B6-2685-491F-BE12-6F2193F4CC9D} = {5DF51DEF-8A46-49F6-B25B-88B0197AFDD7}
		{D00F490C-48E6-41B0-86B9-33539D9F6A6D} = {CAB0D965-0DE4-415A-A6FD-9F24BCE208EA}
		{CCC1CF9C-9A4E-4E56-84BC-624E0CB59DA3} = {D00F490C-48E6-41B0-86B9-33539D9F6A6D}
		{C640750A-5699-4080-8A1D-6C38428704BB} = {D00F490C-48E6-41B0-86B9-33539D9F6A6D}
		{E47B1218-8328-4A86-9C34-58D046A7DA1F} = {D00F490C-48E6-41B0-86B9-33539D9F6A6D}
		{072EB558-9D0C-4525-A427-17AC050DC0D4} = {CAB0D965-0DE4-415A-A6FD-9F24BCE208EA}
		{42490B0F-529D-40E4-ADE8-E659FF9AA910} = {072EB558-9D0C-4525-A427-17AC050DC0D4}
		{EA9E7931-8980-4723-924A-13A6737DE103} = {072EB558-9D0C-4525-A427-17AC050DC0D4}
		{BA5F061B-54AA-4834-81B4-283426760477} = {072EB558-9D0C-4525-A427-17AC050DC0D4}
	EndGlobalSection
	GlobalSection(ExtensibilityGlobals) = postSolution
		SolutionGuid = {2FD78B0F-1542-47EA-928A-1B02415E85F1}
	EndGlobalSection
EndGlobal
