
Microsoft Visual Studio Solution File, Format Version 12.00
# Visual Studio Version 17
VisualStudioVersion = 17.2.32630.192
MinimumVisualStudioVersion = 10.0.40219.1
Project("{9A19103F-16F7-4668-BE54-9A1E7A4F7556}") = "Tiles Master", "Tiles Master\Tiles Master.csproj", "{063D1F63-AD96-4584-A9DD-D967C4FD1913}"
EndProject
Project("{FAE04EC0-301F-11D3-BF4B-00C04F79EFBC}") = "Wall Destroyer", "Wall Destroyer\Wall Destroyer.csproj", "{A241F974-BCAC-49C3-90A1-55A92803F04A}"
EndProject
Project("{FAE04EC0-301F-11D3-BF4B-00C04F79EFBC}") = "Renovators", "Renovators\Renovators.csproj", "{9100244B-B925-42D3-A294-62D0CC77527D}"
EndProject
Global
	GlobalSection(SolutionConfigurationPlatforms) = preSolution
		Debug|Any CPU = Debug|Any CPU
		Release|Any CPU = Release|Any CPU
	EndGlobalSection
	GlobalSection(ProjectConfigurationPlatforms) = postSolution
		{063D1F63-AD96-4584-A9DD-D967C4FD1913}.Debug|Any CPU.ActiveCfg = Debug|Any CPU
		{063D1F63-AD96-4584-A9DD-D967C4FD1913}.Debug|Any CPU.Build.0 = Debug|Any CPU
		{063D1F63-AD96-4584-A9DD-D967C4FD1913}.Release|Any CPU.ActiveCfg = Release|Any CPU
		{063D1F63-AD96-4584-A9DD-D967C4FD1913}.Release|Any CPU.Build.0 = Release|Any CPU
		{A241F974-BCAC-49C3-90A1-55A92803F04A}.Debug|Any CPU.ActiveCfg = Debug|Any CPU
		{A241F974-BCAC-49C3-90A1-55A92803F04A}.Debug|Any CPU.Build.0 = Debug|Any CPU
		{A241F974-BCAC-49C3-90A1-55A92803F04A}.Release|Any CPU.ActiveCfg = Release|Any CPU
		{A241F974-BCAC-49C3-90A1-55A92803F04A}.Release|Any CPU.Build.0 = Release|Any CPU
		{9100244B-B925-42D3-A294-62D0CC77527D}.Debug|Any CPU.ActiveCfg = Debug|Any CPU
		{9100244B-B925-42D3-A294-62D0CC77527D}.Debug|Any CPU.Build.0 = Debug|Any CPU
		{9100244B-B925-42D3-A294-62D0CC77527D}.Release|Any CPU.ActiveCfg = Release|Any CPU
		{9100244B-B925-42D3-A294-62D0CC77527D}.Release|Any CPU.Build.0 = Release|Any CPU
	EndGlobalSection
	GlobalSection(SolutionProperties) = preSolution
		HideSolutionNode = FALSE
	EndGlobalSection
	GlobalSection(ExtensibilityGlobals) = postSolution
		SolutionGuid = {A32D3C2F-86B5-4E66-9E5D-34BD87805E00}
	EndGlobalSection
EndGlobal
