
Microsoft Visual Studio Solution File, Format Version 12.00
# Visual Studio Version 17
VisualStudioVersion = 17.2.32630.192
MinimumVisualStudioVersion = 10.0.40219.1
Project("{FAE04EC0-301F-11D3-BF4B-00C04F79EFBC}") = "Energy Drinks", "Energy Drinks\Energy Drinks.csproj", "{D994309F-4FD3-4990-82EE-2217D90C1D57}"
EndProject
Project("{FAE04EC0-301F-11D3-BF4B-00C04F79EFBC}") = "Rally Racing", "Rally Racing\Rally Racing.csproj", "{A196A3D4-37EA-4C6F-99A8-3B8C81A30634}"
EndProject
Project("{9A19103F-16F7-4668-BE54-9A1E7A4F7556}") = "ComputerArchitecture", "ComputerArchitecture\ComputerArchitecture.csproj", "{269DC8AB-ACCC-4DE0-AB19-5636F4396169}"
EndProject
Global
	GlobalSection(SolutionConfigurationPlatforms) = preSolution
		Debug|Any CPU = Debug|Any CPU
		Release|Any CPU = Release|Any CPU
	EndGlobalSection
	GlobalSection(ProjectConfigurationPlatforms) = postSolution
		{D994309F-4FD3-4990-82EE-2217D90C1D57}.Debug|Any CPU.ActiveCfg = Debug|Any CPU
		{D994309F-4FD3-4990-82EE-2217D90C1D57}.Debug|Any CPU.Build.0 = Debug|Any CPU
		{D994309F-4FD3-4990-82EE-2217D90C1D57}.Release|Any CPU.ActiveCfg = Release|Any CPU
		{D994309F-4FD3-4990-82EE-2217D90C1D57}.Release|Any CPU.Build.0 = Release|Any CPU
		{A196A3D4-37EA-4C6F-99A8-3B8C81A30634}.Debug|Any CPU.ActiveCfg = Debug|Any CPU
		{A196A3D4-37EA-4C6F-99A8-3B8C81A30634}.Debug|Any CPU.Build.0 = Debug|Any CPU
		{A196A3D4-37EA-4C6F-99A8-3B8C81A30634}.Release|Any CPU.ActiveCfg = Release|Any CPU
		{A196A3D4-37EA-4C6F-99A8-3B8C81A30634}.Release|Any CPU.Build.0 = Release|Any CPU
		{269DC8AB-ACCC-4DE0-AB19-5636F4396169}.Debug|Any CPU.ActiveCfg = Debug|Any CPU
		{269DC8AB-ACCC-4DE0-AB19-5636F4396169}.Debug|Any CPU.Build.0 = Debug|Any CPU
		{269DC8AB-ACCC-4DE0-AB19-5636F4396169}.Release|Any CPU.ActiveCfg = Release|Any CPU
		{269DC8AB-ACCC-4DE0-AB19-5636F4396169}.Release|Any CPU.Build.0 = Release|Any CPU
	EndGlobalSection
	GlobalSection(SolutionProperties) = preSolution
		HideSolutionNode = FALSE
	EndGlobalSection
	GlobalSection(ExtensibilityGlobals) = postSolution
		SolutionGuid = {7E7A6D43-C615-4CFD-9DA1-40D61180D838}
	EndGlobalSection
EndGlobal
