
Microsoft Visual Studio Solution File, Format Version 12.00
# Visual Studio Version 17
VisualStudioVersion = 17.2.32630.192
MinimumVisualStudioVersion = 10.0.40219.1
Project("{FAE04EC0-301F-11D3-BF4B-00C04F79EFBC}") = "Barista Contest", "Barista Contest\Barista Contest.csproj", "{B62F730F-BAC0-4DB9-B17C-4CF17902F310}"
EndProject
Project("{FAE04EC0-301F-11D3-BF4B-00C04F79EFBC}") = "Help-A-Mole", "Help-A-Mole\Help-A-Mole.csproj", "{FA185850-7595-460C-B689-6A1849AC5EFF}"
EndProject
Project("{FAE04EC0-301F-11D3-BF4B-00C04F79EFBC}") = "Basketball", "Basketball\Basketball.csproj", "{5CD1CB0F-C67E-4B6E-9CA0-9AADA2737DBE}"
EndProject
Global
	GlobalSection(SolutionConfigurationPlatforms) = preSolution
		Debug|Any CPU = Debug|Any CPU
		Release|Any CPU = Release|Any CPU
	EndGlobalSection
	GlobalSection(ProjectConfigurationPlatforms) = postSolution
		{B62F730F-BAC0-4DB9-B17C-4CF17902F310}.Debug|Any CPU.ActiveCfg = Debug|Any CPU
		{B62F730F-BAC0-4DB9-B17C-4CF17902F310}.Debug|Any CPU.Build.0 = Debug|Any CPU
		{B62F730F-BAC0-4DB9-B17C-4CF17902F310}.Release|Any CPU.ActiveCfg = Release|Any CPU
		{B62F730F-BAC0-4DB9-B17C-4CF17902F310}.Release|Any CPU.Build.0 = Release|Any CPU
		{FA185850-7595-460C-B689-6A1849AC5EFF}.Debug|Any CPU.ActiveCfg = Debug|Any CPU
		{FA185850-7595-460C-B689-6A1849AC5EFF}.Debug|Any CPU.Build.0 = Debug|Any CPU
		{FA185850-7595-460C-B689-6A1849AC5EFF}.Release|Any CPU.ActiveCfg = Release|Any CPU
		{FA185850-7595-460C-B689-6A1849AC5EFF}.Release|Any CPU.Build.0 = Release|Any CPU
		{5CD1CB0F-C67E-4B6E-9CA0-9AADA2737DBE}.Debug|Any CPU.ActiveCfg = Debug|Any CPU
		{5CD1CB0F-C67E-4B6E-9CA0-9AADA2737DBE}.Debug|Any CPU.Build.0 = Debug|Any CPU
		{5CD1CB0F-C67E-4B6E-9CA0-9AADA2737DBE}.Release|Any CPU.ActiveCfg = Release|Any CPU
		{5CD1CB0F-C67E-4B6E-9CA0-9AADA2737DBE}.Release|Any CPU.Build.0 = Release|Any CPU
	EndGlobalSection
	GlobalSection(SolutionProperties) = preSolution
		HideSolutionNode = FALSE
	EndGlobalSection
	GlobalSection(ExtensibilityGlobals) = postSolution
		SolutionGuid = {671E949C-2C6C-43E1-814F-46FBF0E76B83}
	EndGlobalSection
EndGlobal
